
Microsoft Visual Studio Solution File, Format Version 12.00
# Visual Studio 14
VisualStudioVersion = 14.0.24720.0
MinimumVisualStudioVersion = 10.0.40219.1
Project("{8BC9CEB8-8B4A-11D0-8D11-00A0C91BC942}") = "2.1-DifferentMessage", "2.1-DifferentMessage\2.1-DifferentMessage.vcxproj", "{B79C6C02-25FE-4C9E-B31B-31F17D4EBCF2}"
EndProject
Project("{8BC9CEB8-8B4A-11D0-8D11-00A0C91BC942}") = "2.2-UserInput", "2.2-UserInput\2.2-UserInput.vcxproj", "{B41C1EFC-3950-4D1E-9375-F5601C21F5F3}"
EndProject
Project("{8BC9CEB8-8B4A-11D0-8D11-00A0C91BC942}") = "2.3-Riddle", "2.3-Riddle\2.3-Riddle.vcxproj", "{0956378B-8C0A-46B4-807B-B1B892FC1663}"
EndProject
Global
	GlobalSection(SolutionConfigurationPlatforms) = preSolution
		Debug|x64 = Debug|x64
		Debug|x86 = Debug|x86
		Release|x64 = Release|x64
		Release|x86 = Release|x86
	EndGlobalSection
	GlobalSection(ProjectConfigurationPlatforms) = postSolution
		{B79C6C02-25FE-4C9E-B31B-31F17D4EBCF2}.Debug|x64.ActiveCfg = Debug|x64
		{B79C6C02-25FE-4C9E-B31B-31F17D4EBCF2}.Debug|x64.Build.0 = Debug|x64
		{B79C6C02-25FE-4C9E-B31B-31F17D4EBCF2}.Debug|x86.ActiveCfg = Debug|Win32
		{B79C6C02-25FE-4C9E-B31B-31F17D4EBCF2}.Debug|x86.Build.0 = Debug|Win32
		{B79C6C02-25FE-4C9E-B31B-31F17D4EBCF2}.Release|x64.ActiveCfg = Release|x64
		{B79C6C02-25FE-4C9E-B31B-31F17D4EBCF2}.Release|x64.Build.0 = Release|x64
		{B79C6C02-25FE-4C9E-B31B-31F17D4EBCF2}.Release|x86.ActiveCfg = Release|Win32
		{B79C6C02-25FE-4C9E-B31B-31F17D4EBCF2}.Release|x86.Build.0 = Release|Win32
		{B41C1EFC-3950-4D1E-9375-F5601C21F5F3}.Debug|x64.ActiveCfg = Debug|x64
		{B41C1EFC-3950-4D1E-9375-F5601C21F5F3}.Debug|x64.Build.0 = Debug|x64
		{B41C1EFC-3950-4D1E-9375-F5601C21F5F3}.Debug|x86.ActiveCfg = Debug|Win32
		{B41C1EFC-3950-4D1E-9375-F5601C21F5F3}.Debug|x86.Build.0 = Debug|Win32
		{B41C1EFC-3950-4D1E-9375-F5601C21F5F3}.Release|x64.ActiveCfg = Release|x64
		{B41C1EFC-3950-4D1E-9375-F5601C21F5F3}.Release|x64.Build.0 = Release|x64
		{B41C1EFC-3950-4D1E-9375-F5601C21F5F3}.Release|x86.ActiveCfg = Release|Win32
		{B41C1EFC-3950-4D1E-9375-F5601C21F5F3}.Release|x86.Build.0 = Release|Win32
		{0956378B-8C0A-46B4-807B-B1B892FC1663}.Debug|x64.ActiveCfg = Debug|x64
		{0956378B-8C0A-46B4-807B-B1B892FC1663}.Debug|x64.Build.0 = Debug|x64
		{0956378B-8C0A-46B4-807B-B1B892FC1663}.Debug|x86.ActiveCfg = Debug|Win32
		{0956378B-8C0A-46B4-807B-B1B892FC1663}.Debug|x86.Build.0 = Debug|Win32
		{0956378B-8C0A-46B4-807B-B1B892FC1663}.Release|x64.ActiveCfg = Release|x64
		{0956378B-8C0A-46B4-807B-B1B892FC1663}.Release|x64.Build.0 = Release|x64
		{0956378B-8C0A-46B4-807B-B1B892FC1663}.Release|x86.ActiveCfg = Release|Win32
		{0956378B-8C0A-46B4-807B-B1B892FC1663}.Release|x86.Build.0 = Release|Win32
	EndGlobalSection
	GlobalSection(SolutionProperties) = preSolution
		HideSolutionNode = FALSE
	EndGlobalSection
EndGlobal
